// !$*UTF8*$!
{
	archiveVersion = 1;
	classes = {
	};
	objectVersion = 50;
	objects = {

/* Begin PBXBuildFile section */
		7BC09DA725C84668002CEFEF /* AppDelegate.swift in Sources */ = {isa = PBXBuildFile; fileRef = 7BC09DA625C84668002CEFEF /* AppDelegate.swift */; };
		7BC09DA925C84668002CEFEF /* SceneDelegate.swift in Sources */ = {isa = PBXBuildFile; fileRef = 7BC09DA825C84668002CEFEF /* SceneDelegate.swift */; };
		7BC09DAB25C84668002CEFEF /* ListViewController.swift in Sources */ = {isa = PBXBuildFile; fileRef = 7BC09DAA25C84668002CEFEF /* ListViewController.swift */; };
		7BC09DAE25C84668002CEFEF /* Main.storyboard in Resources */ = {isa = PBXBuildFile; fileRef = 7BC09DAC25C84668002CEFEF /* Main.storyboard */; };
		7BC09DB125C84668002CEFEF /* News.xcdatamodeld in Sources */ = {isa = PBXBuildFile; fileRef = 7BC09DAF25C84668002CEFEF /* News.xcdatamodeld */; };
		7BC09DB325C84669002CEFEF /* Assets.xcassets in Resources */ = {isa = PBXBuildFile; fileRef = 7BC09DB225C84669002CEFEF /* Assets.xcassets */; };
		7BC09DB625C84669002CEFEF /* LaunchScreen.storyboard in Resources */ = {isa = PBXBuildFile; fileRef = 7BC09DB425C84669002CEFEF /* LaunchScreen.storyboard */; };
		7BC09DC325C8476B002CEFEF /* BaseVM.swift in Sources */ = {isa = PBXBuildFile; fileRef = 7BC09DC225C8476B002CEFEF /* BaseVM.swift */; };
		7BC09DC725C8478F002CEFEF /* BaseViewController.swift in Sources */ = {isa = PBXBuildFile; fileRef = 7BC09DC625C8478F002CEFEF /* BaseViewController.swift */; };
		7BC09DCB25C84831002CEFEF /* NetworkManager.swift in Sources */ = {isa = PBXBuildFile; fileRef = 7BC09DCA25C84831002CEFEF /* NetworkManager.swift */; };
		7BC09DCE25C848A6002CEFEF /* CoreDataStack.swift in Sources */ = {isa = PBXBuildFile; fileRef = 7BC09DCD25C848A6002CEFEF /* CoreDataStack.swift */; };
		7BC09DD125C8490C002CEFEF /* ListVM.swift in Sources */ = {isa = PBXBuildFile; fileRef = 7BC09DD025C8490C002CEFEF /* ListVM.swift */; };
		7BC09DDB25C86EEC002CEFEF /* NewsListTableCell.swift in Sources */ = {isa = PBXBuildFile; fileRef = 7BC09DDA25C86EEC002CEFEF /* NewsListTableCell.swift */; };
		7BC09DE025C8700C002CEFEF /* APIConstants.swift in Sources */ = {isa = PBXBuildFile; fileRef = 7BC09DDF25C8700C002CEFEF /* APIConstants.swift */; };
		7BC09DE325C87144002CEFEF /* String+Extensions.swift in Sources */ = {isa = PBXBuildFile; fileRef = 7BC09DE225C87144002CEFEF /* String+Extensions.swift */; };
		7BC09DF125C8782C002CEFEF /* News+CoreDataClass.swift in Sources */ = {isa = PBXBuildFile; fileRef = 7BC09DEF25C8782C002CEFEF /* News+CoreDataClass.swift */; };
		7BC09DF225C8782C002CEFEF /* News+CoreDataProperties.swift in Sources */ = {isa = PBXBuildFile; fileRef = 7BC09DF025C8782C002CEFEF /* News+CoreDataProperties.swift */; };
		7BC09DF625C87845002CEFEF /* News+CoreDataClass.swift in Resources */ = {isa = PBXBuildFile; fileRef = 7BC09DEF25C8782C002CEFEF /* News+CoreDataClass.swift */; };
		7BC09DF725C87845002CEFEF /* News+CoreDataProperties.swift in Resources */ = {isa = PBXBuildFile; fileRef = 7BC09DF025C8782C002CEFEF /* News+CoreDataProperties.swift */; };
		7BC09DFA25C87878002CEFEF /* DetailsVM.swift in Sources */ = {isa = PBXBuildFile; fileRef = 7BC09DF925C87877002CEFEF /* DetailsVM.swift */; };
		7BC09DFD25C878B9002CEFEF /* DetailsViewController.swift in Sources */ = {isa = PBXBuildFile; fileRef = 7BC09DFC25C878B9002CEFEF /* DetailsViewController.swift */; };
/* End PBXBuildFile section */

/* Begin PBXFileReference section */
		7BC09DA325C84668002CEFEF /* News.app */ = {isa = PBXFileReference; explicitFileType = wrapper.application; includeInIndex = 0; path = News.app; sourceTree = BUILT_PRODUCTS_DIR; };
		7BC09DA625C84668002CEFEF /* AppDelegate.swift */ = {isa = PBXFileReference; lastKnownFileType = sourcecode.swift; path = AppDelegate.swift; sourceTree = "<group>"; };
		7BC09DA825C84668002CEFEF /* SceneDelegate.swift */ = {isa = PBXFileReference; lastKnownFileType = sourcecode.swift; path = SceneDelegate.swift; sourceTree = "<group>"; };
		7BC09DAA25C84668002CEFEF /* ListViewController.swift */ = {isa = PBXFileReference; lastKnownFileType = sourcecode.swift; path = ListViewController.swift; sourceTree = "<group>"; };
		7BC09DAD25C84668002CEFEF /* Base */ = {isa = PBXFileReference; lastKnownFileType = file.storyboard; name = Base; path = Base.lproj/Main.storyboard; sourceTree = "<group>"; };
		7BC09DB025C84668002CEFEF /* News.xcdatamodel */ = {isa = PBXFileReference; lastKnownFileType = wrapper.xcdatamodel; path = News.xcdatamodel; sourceTree = "<group>"; };
		7BC09DB225C84669002CEFEF /* Assets.xcassets */ = {isa = PBXFileReference; lastKnownFileType = folder.assetcatalog; path = Assets.xcassets; sourceTree = "<group>"; };
		7BC09DB525C84669002CEFEF /* Base */ = {isa = PBXFileReference; lastKnownFileType = file.storyboard; name = Base; path = Base.lproj/LaunchScreen.storyboard; sourceTree = "<group>"; };
		7BC09DB725C84669002CEFEF /* Info.plist */ = {isa = PBXFileReference; lastKnownFileType = text.plist.xml; path = Info.plist; sourceTree = "<group>"; };
		7BC09DC225C8476B002CEFEF /* BaseVM.swift */ = {isa = PBXFileReference; lastKnownFileType = sourcecode.swift; path = BaseVM.swift; sourceTree = "<group>"; };
		7BC09DC625C8478F002CEFEF /* BaseViewController.swift */ = {isa = PBXFileReference; lastKnownFileType = sourcecode.swift; path = BaseViewController.swift; sourceTree = "<group>"; };
		7BC09DCA25C84831002CEFEF /* NetworkManager.swift */ = {isa = PBXFileReference; lastKnownFileType = sourcecode.swift; path = NetworkManager.swift; sourceTree = "<group>"; };
		7BC09DCD25C848A6002CEFEF /* CoreDataStack.swift */ = {isa = PBXFileReference; lastKnownFileType = sourcecode.swift; path = CoreDataStack.swift; sourceTree = "<group>"; };
		7BC09DD025C8490C002CEFEF /* ListVM.swift */ = {isa = PBXFileReference; lastKnownFileType = sourcecode.swift; path = ListVM.swift; sourceTree = "<group>"; };
		7BC09DDA25C86EEC002CEFEF /* NewsListTableCell.swift */ = {isa = PBXFileReference; lastKnownFileType = sourcecode.swift; path = NewsListTableCell.swift; sourceTree = "<group>"; };
		7BC09DDF25C8700C002CEFEF /* APIConstants.swift */ = {isa = PBXFileReference; lastKnownFileType = sourcecode.swift; path = APIConstants.swift; sourceTree = "<group>"; };
		7BC09DE225C87144002CEFEF /* String+Extensions.swift */ = {isa = PBXFileReference; lastKnownFileType = sourcecode.swift; path = "String+Extensions.swift"; sourceTree = "<group>"; };
		7BC09DEF25C8782C002CEFEF /* News+CoreDataClass.swift */ = {isa = PBXFileReference; lastKnownFileType = sourcecode.swift; path = "News+CoreDataClass.swift"; sourceTree = "<group>"; };
		7BC09DF025C8782C002CEFEF /* News+CoreDataProperties.swift */ = {isa = PBXFileReference; lastKnownFileType = sourcecode.swift; path = "News+CoreDataProperties.swift"; sourceTree = "<group>"; };
		7BC09DF925C87877002CEFEF /* DetailsVM.swift */ = {isa = PBXFileReference; lastKnownFileType = sourcecode.swift; path = DetailsVM.swift; sourceTree = "<group>"; };
		7BC09DFC25C878B9002CEFEF /* DetailsViewController.swift */ = {isa = PBXFileReference; lastKnownFileType = sourcecode.swift; path = DetailsViewController.swift; sourceTree = "<group>"; };
/* End PBXFileReference section */

/* Begin PBXFrameworksBuildPhase section */
		7BC09DA025C84668002CEFEF /* Frameworks */ = {
			isa = PBXFrameworksBuildPhase;
			buildActionMask = 2147483647;
			files = (
			);
			runOnlyForDeploymentPostprocessing = 0;
		};
/* End PBXFrameworksBuildPhase section */

/* Begin PBXGroup section */
		7BC09D9A25C84668002CEFEF = {
			isa = PBXGroup;
			children = (
				7BC09DA525C84668002CEFEF /* News */,
				7BC09DA425C84668002CEFEF /* Products */,
			);
			sourceTree = "<group>";
		};
		7BC09DA425C84668002CEFEF /* Products */ = {
			isa = PBXGroup;
			children = (
				7BC09DA325C84668002CEFEF /* News.app */,
			);
			name = Products;
			sourceTree = "<group>";
		};
		7BC09DA525C84668002CEFEF /* News */ = {
			isa = PBXGroup;
			children = (
				7BC09DDE25C86FFE002CEFEF /* Constants */,
				7BC09DA625C84668002CEFEF /* AppDelegate.swift */,
				7BC09DA825C84668002CEFEF /* SceneDelegate.swift */,
				7BC09DC125C84740002CEFEF /* Managers */,
				7BC09DC025C84739002CEFEF /* ViewModel */,
				7BC09DBF25C84734002CEFEF /* Views */,
				7BC09DBE25C8472C002CEFEF /* Model */,
				7BC09DB225C84669002CEFEF /* Assets.xcassets */,
				7BC09DB725C84669002CEFEF /* Info.plist */,
			);
			path = News;
			sourceTree = "<group>";
		};
		7BC09DBE25C8472C002CEFEF /* Model */ = {
			isa = PBXGroup;
			children = (
				7BC09DEF25C8782C002CEFEF /* News+CoreDataClass.swift */,
				7BC09DF025C8782C002CEFEF /* News+CoreDataProperties.swift */,
				7BC09DAF25C84668002CEFEF /* News.xcdatamodeld */,
			);
			path = Model;
			sourceTree = "<group>";
		};
		7BC09DBF25C84734002CEFEF /* Views */ = {
			isa = PBXGroup;
			children = (
				7BC09DDA25C86EEC002CEFEF /* NewsListTableCell.swift */,
				7BC09DC625C8478F002CEFEF /* BaseViewController.swift */,
				7BC09DAA25C84668002CEFEF /* ListViewController.swift */,
				7BC09DFC25C878B9002CEFEF /* DetailsViewController.swift */,
				7BC09DB425C84669002CEFEF /* LaunchScreen.storyboard */,
				7BC09DAC25C84668002CEFEF /* Main.storyboard */,
			);
			path = Views;
			sourceTree = "<group>";
		};
		7BC09DC025C84739002CEFEF /* ViewModel */ = {
			isa = PBXGroup;
			children = (
				7BC09DC225C8476B002CEFEF /* BaseVM.swift */,
				7BC09DD025C8490C002CEFEF /* ListVM.swift */,
				7BC09DF925C87877002CEFEF /* DetailsVM.swift */,
			);
			path = ViewModel;
			sourceTree = "<group>";
		};
		7BC09DC125C84740002CEFEF /* Managers */ = {
			isa = PBXGroup;
			children = (
				7BC09DCA25C84831002CEFEF /* NetworkManager.swift */,
				7BC09DCD25C848A6002CEFEF /* CoreDataStack.swift */,
			);
			path = Managers;
			sourceTree = "<group>";
		};
		7BC09DDE25C86FFE002CEFEF /* Constants */ = {
			isa = PBXGroup;
			children = (
				7BC09DDF25C8700C002CEFEF /* APIConstants.swift */,
				7BC09DE225C87144002CEFEF /* String+Extensions.swift */,
			);
			path = Constants;
			sourceTree = "<group>";
		};
/* End PBXGroup section */

/* Begin PBXNativeTarget section */
		7BC09DA225C84668002CEFEF /* News */ = {
			isa = PBXNativeTarget;
			buildConfigurationList = 7BC09DBA25C84669002CEFEF /* Build configuration list for PBXNativeTarget "News" */;
			buildPhases = (
				7BC09D9F25C84668002CEFEF /* Sources */,
				7BC09DA025C84668002CEFEF /* Frameworks */,
				7BC09DA125C84668002CEFEF /* Resources */,
			);
			buildRules = (
			);
			dependencies = (
			);
			name = News;
			productName = News;
			productReference = 7BC09DA325C84668002CEFEF /* News.app */;
			productType = "com.apple.product-type.application";
		};
/* End PBXNativeTarget section */

/* Begin PBXProject section */
		7BC09D9B25C84668002CEFEF /* Project object */ = {
			isa = PBXProject;
			attributes = {
				LastSwiftUpdateCheck = 1230;
				LastUpgradeCheck = 1230;
				TargetAttributes = {
					7BC09DA225C84668002CEFEF = {
						CreatedOnToolsVersion = 12.3;
					};
				};
			};
			buildConfigurationList = 7BC09D9E25C84668002CEFEF /* Build configuration list for PBXProject "News" */;
			compatibilityVersion = "Xcode 9.3";
			developmentRegion = en;
			hasScannedForEncodings = 0;
			knownRegions = (
				en,
				Base,
			);
			mainGroup = 7BC09D9A25C84668002CEFEF;
			productRefGroup = 7BC09DA425C84668002CEFEF /* Products */;
			projectDirPath = "";
			projectRoot = "";
			targets = (
				7BC09DA225C84668002CEFEF /* News */,
			);
		};
/* End PBXProject section */

/* Begin PBXResourcesBuildPhase section */
		7BC09DA125C84668002CEFEF /* Resources */ = {
			isa = PBXResourcesBuildPhase;
			buildActionMask = 2147483647;
			files = (
				7BC09DF625C87845002CEFEF /* News+CoreDataClass.swift in Resources */,
				7BC09DF725C87845002CEFEF /* News+CoreDataProperties.swift in Resources */,
				7BC09DB625C84669002CEFEF /* LaunchScreen.storyboard in Resources */,
				7BC09DB325C84669002CEFEF /* Assets.xcassets in Resources */,
				7BC09DAE25C84668002CEFEF /* Main.storyboard in Resources */,
			);
			runOnlyForDeploymentPostprocessing = 0;
		};
/* End PBXResourcesBuildPhase section */

/* Begin PBXSourcesBuildPhase section */
		7BC09D9F25C84668002CEFEF /* Sources */ = {
			isa = PBXSourcesBuildPhase;
			buildActionMask = 2147483647;
			files = (
				7BC09DAB25C84668002CEFEF /* ListViewController.swift in Sources */,
				7BC09DA725C84668002CEFEF /* AppDelegate.swift in Sources */,
				7BC09DE025C8700C002CEFEF /* APIConstants.swift in Sources */,
				7BC09DDB25C86EEC002CEFEF /* NewsListTableCell.swift in Sources */,
				7BC09DB125C84668002CEFEF /* News.xcdatamodeld in Sources */,
				7BC09DD125C8490C002CEFEF /* ListVM.swift in Sources */,
				7BC09DF225C8782C002CEFEF /* News+CoreDataProperties.swift in Sources */,
				7BC09DCB25C84831002CEFEF /* NetworkManager.swift in Sources */,
				7BC09DE325C87144002CEFEF /* String+Extensions.swift in Sources */,
				7BC09DA925C84668002CEFEF /* SceneDelegate.swift in Sources */,
				7BC09DC325C8476B002CEFEF /* BaseVM.swift in Sources */,
				7BC09DFD25C878B9002CEFEF /* DetailsViewController.swift in Sources */,
				7BC09DF125C8782C002CEFEF /* News+CoreDataClass.swift in Sources */,
				7BC09DC725C8478F002CEFEF /* BaseViewController.swift in Sources */,
				7BC09DCE25C848A6002CEFEF /* CoreDataStack.swift in Sources */,
				7BC09DFA25C87878002CEFEF /* DetailsVM.swift in Sources */,
			);
			runOnlyForDeploymentPostprocessing = 0;
		};
/* End PBXSourcesBuildPhase section */

/* Begin PBXVariantGroup section */
		7BC09DAC25C84668002CEFEF /* Main.storyboard */ = {
			isa = PBXVariantGroup;
			children = (
				7BC09DAD25C84668002CEFEF /* Base */,
			);
			name = Main.storyboard;
			sourceTree = "<group>";
		};
		7BC09DB425C84669002CEFEF /* LaunchScreen.storyboard */ = {
			isa = PBXVariantGroup;
			children = (
				7BC09DB525C84669002CEFEF /* Base */,
			);
			name = LaunchScreen.storyboard;
			sourceTree = "<group>";
		};
/* End PBXVariantGroup section */

/* Begin XCBuildConfiguration section */
		7BC09DB825C84669002CEFEF /* Debug */ = {
			isa = XCBuildConfiguration;
			buildSettings = {
				ALWAYS_SEARCH_USER_PATHS = NO;
				CLANG_ANALYZER_NONNULL = YES;
				CLANG_ANALYZER_NUMBER_OBJECT_CONVERSION = YES_AGGRESSIVE;
				CLANG_CXX_LANGUAGE_STANDARD = "gnu++14";
				CLANG_CXX_LIBRARY = "libc++";
				CLANG_ENABLE_MODULES = YES;
				CLANG_ENABLE_OBJC_ARC = YES;
				CLANG_ENABLE_OBJC_WEAK = YES;
				CLANG_WARN_BLOCK_CAPTURE_AUTORELEASING = YES;
				CLANG_WARN_BOOL_CONVERSION = YES;
				CLANG_WARN_COMMA = YES;
				CLANG_WARN_CONSTANT_CONVERSION = YES;
				CLANG_WARN_DEPRECATED_OBJC_IMPLEMENTATIONS = YES;
				CLANG_WARN_DIRECT_OBJC_ISA_USAGE = YES_ERROR;
				CLANG_WARN_DOCUMENTATION_COMMENTS = YES;
				CLANG_WARN_EMPTY_BODY = YES;
				CLANG_WARN_ENUM_CONVERSION = YES;
				CLANG_WARN_INFINITE_RECURSION = YES;
				CLANG_WARN_INT_CONVERSION = YES;
				CLANG_WARN_NON_LITERAL_NULL_CONVERSION = YES;
				CLANG_WARN_OBJC_IMPLICIT_RETAIN_SELF = YES;
				CLANG_WARN_OBJC_LITERAL_CONVERSION = YES;
				CLANG_WARN_OBJC_ROOT_CLASS = YES_ERROR;
				CLANG_WARN_QUOTED_INCLUDE_IN_FRAMEWORK_HEADER = YES;
				CLANG_WARN_RANGE_LOOP_ANALYSIS = YES;
				CLANG_WARN_STRICT_PROTOTYPES = YES;
				CLANG_WARN_SUSPICIOUS_MOVE = YES;
				CLANG_WARN_UNGUARDED_AVAILABILITY = YES_AGGRESSIVE;
				CLANG_WARN_UNREACHABLE_CODE = YES;
				CLANG_WARN__DUPLICATE_METHOD_MATCH = YES;
				COPY_PHASE_STRIP = NO;
				DEBUG_INFORMATION_FORMAT = dwarf;
				ENABLE_STRICT_OBJC_MSGSEND = YES;
				ENABLE_TESTABILITY = YES;
				GCC_C_LANGUAGE_STANDARD = gnu11;
				GCC_DYNAMIC_NO_PIC = NO;
				GCC_NO_COMMON_BLOCKS = YES;
				GCC_OPTIMIZATION_LEVEL = 0;
				GCC_PREPROCESSOR_DEFINITIONS = (
					"DEBUG=1",
					"$(inherited)",
				);
				GCC_WARN_64_TO_32_BIT_CONVERSION = YES;
				GCC_WARN_ABOUT_RETURN_TYPE = YES_ERROR;
				GCC_WARN_UNDECLARED_SELECTOR = YES;
				GCC_WARN_UNINITIALIZED_AUTOS = YES_AGGRESSIVE;
				GCC_WARN_UNUSED_FUNCTION = YES;
				GCC_WARN_UNUSED_VARIABLE = YES;
				IPHONEOS_DEPLOYMENT_TARGET = 14.3;
				MTL_ENABLE_DEBUG_INFO = INCLUDE_SOURCE;
				MTL_FAST_MATH = YES;
				ONLY_ACTIVE_ARCH = YES;
				SDKROOT = iphoneos;
				SWIFT_ACTIVE_COMPILATION_CONDITIONS = DEBUG;
				SWIFT_OPTIMIZATION_LEVEL = "-Onone";
			};
			name = Debug;
		};
		7BC09DB925C84669002CEFEF /* Release */ = {
			isa = XCBuildConfiguration;
			buildSettings = {
				ALWAYS_SEARCH_USER_PATHS = NO;
				CLANG_ANALYZER_NONNULL = YES;
				CLANG_ANALYZER_NUMBER_OBJECT_CONVERSION = YES_AGGRESSIVE;
				CLANG_CXX_LANGUAGE_STANDARD = "gnu++14";
				CLANG_CXX_LIBRARY = "libc++";
				CLANG_ENABLE_MODULES = YES;
				CLANG_ENABLE_OBJC_ARC = YES;
				CLANG_ENABLE_OBJC_WEAK = YES;
				CLANG_WARN_BLOCK_CAPTURE_AUTORELEASING = YES;
				CLANG_WARN_BOOL_CONVERSION = YES;
				CLANG_WARN_COMMA = YES;
				CLANG_WARN_CONSTANT_CONVERSION = YES;
				CLANG_WARN_DEPRECATED_OBJC_IMPLEMENTATIONS = YES;
				CLANG_WARN_DIRECT_OBJC_ISA_USAGE = YES_ERROR;
				CLANG_WARN_DOCUMENTATION_COMMENTS = YES;
				CLANG_WARN_EMPTY_BODY = YES;
				CLANG_WARN_ENUM_CONVERSION = YES;
				CLANG_WARN_INFINITE_RECURSION = YES;
				CLANG_WARN_INT_CONVERSION = YES;
				CLANG_WARN_NON_LITERAL_NULL_CONVERSION = YES;
				CLANG_WARN_OBJC_IMPLICIT_RETAIN_SELF = YES;
				CLANG_WARN_OBJC_LITERAL_CONVERSION = YES;
				CLANG_WARN_OBJC_ROOT_CLASS = YES_ERROR;
				CLANG_WARN_QUOTED_INCLUDE_IN_FRAMEWORK_HEADER = YES;
				CLANG_WARN_RANGE_LOOP_ANALYSIS = YES;
				CLANG_WARN_STRICT_PROTOTYPES = YES;
				CLANG_WARN_SUSPICIOUS_MOVE = YES;
				CLANG_WARN_UNGUARDED_AVAILABILITY = YES_AGGRESSIVE;
				CLANG_WARN_UNREACHABLE_CODE = YES;
				CLANG_WARN__DUPLICATE_METHOD_MATCH = YES;
				COPY_PHASE_STRIP = NO;
				DEBUG_INFORMATION_FORMAT = "dwarf-with-dsym";
				ENABLE_NS_ASSERTIONS = NO;
				ENABLE_STRICT_OBJC_MSGSEND = YES;
				GCC_C_LANGUAGE_STANDARD = gnu11;
				GCC_NO_COMMON_BLOCKS = YES;
				GCC_WARN_64_TO_32_BIT_CONVERSION = YES;
				GCC_WARN_ABOUT_RETURN_TYPE = YES_ERROR;
				GCC_WARN_UNDECLARED_SELECTOR = YES;
				GCC_WARN_UNINITIALIZED_AUTOS = YES_AGGRESSIVE;
				GCC_WARN_UNUSED_FUNCTION = YES;
				GCC_WARN_UNUSED_VARIABLE = YES;
				IPHONEOS_DEPLOYMENT_TARGET = 14.3;
				MTL_ENABLE_DEBUG_INFO = NO;
				MTL_FAST_MATH = YES;
				SDKROOT = iphoneos;
				SWIFT_COMPILATION_MODE = wholemodule;
				SWIFT_OPTIMIZATION_LEVEL = "-O";
				VALIDATE_PRODUCT = YES;
			};
			name = Release;
		};
		7BC09DBB25C84669002CEFEF /* Debug */ = {
			isa = XCBuildConfiguration;
			buildSettings = {
				ASSETCATALOG_COMPILER_APPICON_NAME = AppIcon;
				ASSETCATALOG_COMPILER_GLOBAL_ACCENT_COLOR_NAME = AccentColor;
				CODE_SIGN_STYLE = Automatic;
				INFOPLIST_FILE = News/Info.plist;
				IPHONEOS_DEPLOYMENT_TARGET = 13.0;
				LD_RUNPATH_SEARCH_PATHS = (
					"$(inherited)",
					"@executable_path/Frameworks",
				);
				PRODUCT_BUNDLE_IDENTIFIER = PavanaKC.News;
				PRODUCT_NAME = "$(TARGET_NAME)";
				SWIFT_VERSION = 5.0;
				TARGETED_DEVICE_FAMILY = "1,2";
			};
			name = Debug;
		};
		7BC09DBC25C84669002CEFEF /* Release */ = {
			isa = XCBuildConfiguration;
			buildSettings = {
				ASSETCATALOG_COMPILER_APPICON_NAME = AppIcon;
				ASSETCATALOG_COMPILER_GLOBAL_ACCENT_COLOR_NAME = AccentColor;
				CODE_SIGN_STYLE = Automatic;
				INFOPLIST_FILE = News/Info.plist;
				IPHONEOS_DEPLOYMENT_TARGET = 13.0;
				LD_RUNPATH_SEARCH_PATHS = (
					"$(inherited)",
					"@executable_path/Frameworks",
				);
				PRODUCT_BUNDLE_IDENTIFIER = PavanaKC.News;
				PRODUCT_NAME = "$(TARGET_NAME)";
				SWIFT_VERSION = 5.0;
				TARGETED_DEVICE_FAMILY = "1,2";
			};
			name = Release;
		};
/* End XCBuildConfiguration section */

/* Begin XCConfigurationList section */
		7BC09D9E25C84668002CEFEF /* Build configuration list for PBXProject "News" */ = {
			isa = XCConfigurationList;
			buildConfigurations = (
				7BC09DB825C84669002CEFEF /* Debug */,
				7BC09DB925C84669002CEFEF /* Release */,
			);
			defaultConfigurationIsVisible = 0;
			defaultConfigurationName = Release;
		};
		7BC09DBA25C84669002CEFEF /* Build configuration list for PBXNativeTarget "News" */ = {
			isa = XCConfigurationList;
			buildConfigurations = (
				7BC09DBB25C84669002CEFEF /* Debug */,
				7BC09DBC25C84669002CEFEF /* Release */,
			);
			defaultConfigurationIsVisible = 0;
			defaultConfigurationName = Release;
		};
/* End XCConfigurationList section */

/* Begin XCVersionGroup section */
		7BC09DAF25C84668002CEFEF /* News.xcdatamodeld */ = {
			isa = XCVersionGroup;
			children = (
				7BC09DB025C84668002CEFEF /* News.xcdatamodel */,
			);
			currentVersion = 7BC09DB025C84668002CEFEF /* News.xcdatamodel */;
			path = News.xcdatamodeld;
			sourceTree = "<group>";
			versionGroupType = wrapper.xcdatamodel;
		};
/* End XCVersionGroup section */
	};
	rootObject = 7BC09D9B25C84668002CEFEF /* Project object */;
}
